
Microsoft Visual Studio Solution File, Format Version 12.00
# Visual Studio Version 16
VisualStudioVersion = 16.0.31019.35
MinimumVisualStudioVersion = 10.0.40219.1
Project("{FAE04EC0-301F-11D3-BF4B-00C04F79EFBC}") = "BluetoothAnzeigen.Android", "BluetoothAnzeigen\BluetoothAnzeigen.Android\BluetoothAnzeigen.Android.csproj", "{0E99B72B-14AB-421C-9455-1B1A9971B14F}"
EndProject
Project("{FAE04EC0-301F-11D3-BF4B-00C04F79EFBC}") = "BluetoothAnzeigen.iOS", "BluetoothAnzeigen\BluetoothAnzeigen.iOS\BluetoothAnzeigen.iOS.csproj", "{08AC851D-FF86-4D30-9818-3A53820C495B}"
EndProject
Project("{FAE04EC0-301F-11D3-BF4B-00C04F79EFBC}") = "BluetoothAnzeigen", "BluetoothAnzeigen\BluetoothAnzeigen\BluetoothAnzeigen.csproj", "{FF10810F-FC75-43A2-87CC-89A4F3EB9187}"
EndProject
Global
	GlobalSection(SolutionConfigurationPlatforms) = preSolution
		Debug|Any CPU = Debug|Any CPU
		Debug|iPhone = Debug|iPhone
		Debug|iPhoneSimulator = Debug|iPhoneSimulator
		Release|Any CPU = Release|Any CPU
		Release|iPhone = Release|iPhone
		Release|iPhoneSimulator = Release|iPhoneSimulator
	EndGlobalSection
	GlobalSection(ProjectConfigurationPlatforms) = postSolution
		{0E99B72B-14AB-421C-9455-1B1A9971B14F}.Debug|Any CPU.ActiveCfg = Debug|Any CPU
		{0E99B72B-14AB-421C-9455-1B1A9971B14F}.Debug|Any CPU.Build.0 = Debug|Any CPU
		{0E99B72B-14AB-421C-9455-1B1A9971B14F}.Debug|Any CPU.Deploy.0 = Debug|Any CPU
		{0E99B72B-14AB-421C-9455-1B1A9971B14F}.Debug|iPhone.ActiveCfg = Debug|Any CPU
		{0E99B72B-14AB-421C-9455-1B1A9971B14F}.Debug|iPhone.Build.0 = Debug|Any CPU
		{0E99B72B-14AB-421C-9455-1B1A9971B14F}.Debug|iPhone.Deploy.0 = Debug|Any CPU
		{0E99B72B-14AB-421C-9455-1B1A9971B14F}.Debug|iPhoneSimulator.ActiveCfg = Debug|Any CPU
		{0E99B72B-14AB-421C-9455-1B1A9971B14F}.Debug|iPhoneSimulator.Build.0 = Debug|Any CPU
		{0E99B72B-14AB-421C-9455-1B1A9971B14F}.Debug|iPhoneSimulator.Deploy.0 = Debug|Any CPU
		{0E99B72B-14AB-421C-9455-1B1A9971B14F}.Release|Any CPU.ActiveCfg = Release|Any CPU
		{0E99B72B-14AB-421C-9455-1B1A9971B14F}.Release|Any CPU.Build.0 = Release|Any CPU
		{0E99B72B-14AB-421C-9455-1B1A9971B14F}.Release|Any CPU.Deploy.0 = Release|Any CPU
		{0E99B72B-14AB-421C-9455-1B1A9971B14F}.Release|iPhone.ActiveCfg = Release|Any CPU
		{0E99B72B-14AB-421C-9455-1B1A9971B14F}.Release|iPhone.Build.0 = Release|Any CPU
		{0E99B72B-14AB-421C-9455-1B1A9971B14F}.Release|iPhone.Deploy.0 = Release|Any CPU
		{0E99B72B-14AB-421C-9455-1B1A9971B14F}.Release|iPhoneSimulator.ActiveCfg = Release|Any CPU
		{0E99B72B-14AB-421C-9455-1B1A9971B14F}.Release|iPhoneSimulator.Build.0 = Release|Any CPU
		{0E99B72B-14AB-421C-9455-1B1A9971B14F}.Release|iPhoneSimulator.Deploy.0 = Release|Any CPU
		{08AC851D-FF86-4D30-9818-3A53820C495B}.Debug|Any CPU.ActiveCfg = Debug|iPhone
		{08AC851D-FF86-4D30-9818-3A53820C495B}.Debug|Any CPU.Build.0 = Debug|iPhone
		{08AC851D-FF86-4D30-9818-3A53820C495B}.Debug|Any CPU.Deploy.0 = Debug|iPhone
		{08AC851D-FF86-4D30-9818-3A53820C495B}.Debug|iPhone.ActiveCfg = Debug|iPhone
		{08AC851D-FF86-4D30-9818-3A53820C495B}.Debug|iPhone.Build.0 = Debug|iPhone
		{08AC851D-FF86-4D30-9818-3A53820C495B}.Debug|iPhone.Deploy.0 = Debug|iPhone
		{08AC851D-FF86-4D30-9818-3A53820C495B}.Debug|iPhoneSimulator.ActiveCfg = Debug|iPhoneSimulator
		{08AC851D-FF86-4D30-9818-3A53820C495B}.Debug|iPhoneSimulator.Build.0 = Debug|iPhoneSimulator
		{08AC851D-FF86-4D30-9818-3A53820C495B}.Debug|iPhoneSimulator.Deploy.0 = Debug|iPhoneSimulator
		{08AC851D-FF86-4D30-9818-3A53820C495B}.Release|Any CPU.ActiveCfg = Release|iPhoneSimulator
		{08AC851D-FF86-4D30-9818-3A53820C495B}.Release|Any CPU.Build.0 = Release|iPhoneSimulator
		{08AC851D-FF86-4D30-9818-3A53820C495B}.Release|Any CPU.Deploy.0 = Release|iPhoneSimulator
		{08AC851D-FF86-4D30-9818-3A53820C495B}.Release|iPhone.ActiveCfg = Release|iPhone
		{08AC851D-FF86-4D30-9818-3A53820C495B}.Release|iPhone.Build.0 = Release|iPhone
		{08AC851D-FF86-4D30-9818-3A53820C495B}.Release|iPhone.Deploy.0 = Release|iPhone
		{08AC851D-FF86-4D30-9818-3A53820C495B}.Release|iPhoneSimulator.ActiveCfg = Release|iPhoneSimulator
		{08AC851D-FF86-4D30-9818-3A53820C495B}.Release|iPhoneSimulator.Build.0 = Release|iPhoneSimulator
		{08AC851D-FF86-4D30-9818-3A53820C495B}.Release|iPhoneSimulator.Deploy.0 = Release|iPhoneSimulator
		{FF10810F-FC75-43A2-87CC-89A4F3EB9187}.Debug|Any CPU.ActiveCfg = Debug|Any CPU
		{FF10810F-FC75-43A2-87CC-89A4F3EB9187}.Debug|Any CPU.Build.0 = Debug|Any CPU
		{FF10810F-FC75-43A2-87CC-89A4F3EB9187}.Debug|Any CPU.Deploy.0 = Debug|Any CPU
		{FF10810F-FC75-43A2-87CC-89A4F3EB9187}.Debug|iPhone.ActiveCfg = Debug|Any CPU
		{FF10810F-FC75-43A2-87CC-89A4F3EB9187}.Debug|iPhone.Build.0 = Debug|Any CPU
		{FF10810F-FC75-43A2-87CC-89A4F3EB9187}.Debug|iPhone.Deploy.0 = Debug|Any CPU
		{FF10810F-FC75-43A2-87CC-89A4F3EB9187}.Debug|iPhoneSimulator.ActiveCfg = Debug|Any CPU
		{FF10810F-FC75-43A2-87CC-89A4F3EB9187}.Debug|iPhoneSimulator.Build.0 = Debug|Any CPU
		{FF10810F-FC75-43A2-87CC-89A4F3EB9187}.Debug|iPhoneSimulator.Deploy.0 = Debug|Any CPU
		{FF10810F-FC75-43A2-87CC-89A4F3EB9187}.Release|Any CPU.ActiveCfg = Release|Any CPU
		{FF10810F-FC75-43A2-87CC-89A4F3EB9187}.Release|Any CPU.Build.0 = Release|Any CPU
		{FF10810F-FC75-43A2-87CC-89A4F3EB9187}.Release|Any CPU.Deploy.0 = Release|Any CPU
		{FF10810F-FC75-43A2-87CC-89A4F3EB9187}.Release|iPhone.ActiveCfg = Release|Any CPU
		{FF10810F-FC75-43A2-87CC-89A4F3EB9187}.Release|iPhone.Build.0 = Release|Any CPU
		{FF10810F-FC75-43A2-87CC-89A4F3EB9187}.Release|iPhone.Deploy.0 = Release|Any CPU
		{FF10810F-FC75-43A2-87CC-89A4F3EB9187}.Release|iPhoneSimulator.ActiveCfg = Release|Any CPU
		{FF10810F-FC75-43A2-87CC-89A4F3EB9187}.Release|iPhoneSimulator.Build.0 = Release|Any CPU
		{FF10810F-FC75-43A2-87CC-89A4F3EB9187}.Release|iPhoneSimulator.Deploy.0 = Release|Any CPU
	EndGlobalSection
	GlobalSection(SolutionProperties) = preSolution
		HideSolutionNode = FALSE
	EndGlobalSection
	GlobalSection(ExtensibilityGlobals) = postSolution
		SolutionGuid = {CAB24DCA-1B13-4A61-80EC-0AF0CBBF8610}
	EndGlobalSection
EndGlobal
